codeberg.org/dankstuff/danklyrics/pkg v0.4.3 h1:66d86gpIycrtJIfJIBlNgWQRfP04WHx8aT946+Fd2NY=
codeberg.org/dankstuff/danklyrics/pkg v0.4.3/go.mod h1:PzRZRAFuUfhfUesEuc7bO5n9Z+xS1awidUrLodZW8Gk=
github.com/a-h/templ v0.3.1020 h1:ypAT/L5ySWEnZ6Zft/5yfoWXYYkhFNvEFOeeqecg4tw=
github.com/a-h/templ v0.3.1020/go.mod h1:A2DlK61v+K+NRoGnhmYbNYVmtYHcFO5/AisMvBdDxTM=
github.com/google/go-cmp v0.6.0 h1:ofyhxvXcZhMsU5ulbFiLKl/XBFqE1GSq7atu8tAmTRI=
github.com/google/go-cmp v0.6.0/go.mod h1:17dUlkBOakJ0+DkrSSNjCkIjxS6bF9zb3elmeNGIjoY=
